
Microsoft Visual Studio Solution File, Format Version 12.00
# Visual Studio Version 16
VisualStudioVersion = 16.0.29609.76
MinimumVisualStudioVersion = 10.0.40219.1
Project("{FAE04EC0-301F-11D3-BF4B-00C04F79EFBC}") = "Swipet.UWP", "Swipet\Swipet.UWP\Swipet.UWP.csproj", "{BBC63A4F-8446-4501-8E58-FA0D3B3554E2}"
EndProject
Project("{FAE04EC0-301F-11D3-BF4B-00C04F79EFBC}") = "Swipet.Android", "Swipet\Swipet.Android\Swipet.Android.csproj", "{69846FB9-179F-46E4-86BC-78F82AA0463D}"
EndProject
Project("{FAE04EC0-301F-11D3-BF4B-00C04F79EFBC}") = "Swipet.iOS", "Swipet\Swipet.iOS\Swipet.iOS.csproj", "{3099197C-F09D-4F83-A162-DB7DF41B566E}"
EndProject
Project("{FAE04EC0-301F-11D3-BF4B-00C04F79EFBC}") = "Swipet", "Swipet\Swipet\Swipet.csproj", "{DB0D4232-C413-42E9-9061-DC0952235FE9}"
EndProject
Global
	GlobalSection(SolutionConfigurationPlatforms) = preSolution
		Debug|Any CPU = Debug|Any CPU
		Debug|ARM = Debug|ARM
		Debug|iPhone = Debug|iPhone
		Debug|iPhoneSimulator = Debug|iPhoneSimulator
		Debug|x64 = Debug|x64
		Debug|x86 = Debug|x86
		Release|Any CPU = Release|Any CPU
		Release|ARM = Release|ARM
		Release|iPhone = Release|iPhone
		Release|iPhoneSimulator = Release|iPhoneSimulator
		Release|x64 = Release|x64
		Release|x86 = Release|x86
	EndGlobalSection
	GlobalSection(ProjectConfigurationPlatforms) = postSolution
		{BBC63A4F-8446-4501-8E58-FA0D3B3554E2}.Debug|Any CPU.ActiveCfg = Debug|x86
		{BBC63A4F-8446-4501-8E58-FA0D3B3554E2}.Debug|Any CPU.Build.0 = Debug|x86
		{BBC63A4F-8446-4501-8E58-FA0D3B3554E2}.Debug|Any CPU.Deploy.0 = Debug|x86
		{BBC63A4F-8446-4501-8E58-FA0D3B3554E2}.Debug|ARM.ActiveCfg = Debug|ARM
		{BBC63A4F-8446-4501-8E58-FA0D3B3554E2}.Debug|ARM.Build.0 = Debug|ARM
		{BBC63A4F-8446-4501-8E58-FA0D3B3554E2}.Debug|ARM.Deploy.0 = Debug|ARM
		{BBC63A4F-8446-4501-8E58-FA0D3B3554E2}.Debug|iPhone.ActiveCfg = Debug|x86
		{BBC63A4F-8446-4501-8E58-FA0D3B3554E2}.Debug|iPhone.Build.0 = Debug|x86
		{BBC63A4F-8446-4501-8E58-FA0D3B3554E2}.Debug|iPhone.Deploy.0 = Debug|x86
		{BBC63A4F-8446-4501-8E58-FA0D3B3554E2}.Debug|iPhoneSimulator.ActiveCfg = Debug|x86
		{BBC63A4F-8446-4501-8E58-FA0D3B3554E2}.Debug|iPhoneSimulator.Build.0 = Debug|x86
		{BBC63A4F-8446-4501-8E58-FA0D3B3554E2}.Debug|iPhoneSimulator.Deploy.0 = Debug|x86
		{BBC63A4F-8446-4501-8E58-FA0D3B3554E2}.Debug|x64.ActiveCfg = Debug|x64
		{BBC63A4F-8446-4501-8E58-FA0D3B3554E2}.Debug|x64.Build.0 = Debug|x64
		{BBC63A4F-8446-4501-8E58-FA0D3B3554E2}.Debug|x64.Deploy.0 = Debug|x64
		{BBC63A4F-8446-4501-8E58-FA0D3B3554E2}.Debug|x86.ActiveCfg = Debug|x86
		{BBC63A4F-8446-4501-8E58-FA0D3B3554E2}.Debug|x86.Build.0 = Debug|x86
		{BBC63A4F-8446-4501-8E58-FA0D3B3554E2}.Debug|x86.Deploy.0 = Debug|x86
		{BBC63A4F-8446-4501-8E58-FA0D3B3554E2}.Release|Any CPU.ActiveCfg = Release|x86
		{BBC63A4F-8446-4501-8E58-FA0D3B3554E2}.Release|Any CPU.Build.0 = Release|x86
		{BBC63A4F-8446-4501-8E58-FA0D3B3554E2}.Release|Any CPU.Deploy.0 = Release|x86
		{BBC63A4F-8446-4501-8E58-FA0D3B3554E2}.Release|ARM.ActiveCfg = Release|ARM
		{BBC63A4F-8446-4501-8E58-FA0D3B3554E2}.Release|ARM.Build.0 = Release|ARM
		{BBC63A4F-8446-4501-8E58-FA0D3B3554E2}.Release|ARM.Deploy.0 = Release|ARM
		{BBC63A4F-8446-4501-8E58-FA0D3B3554E2}.Release|iPhone.ActiveCfg = Release|x86
		{BBC63A4F-8446-4501-8E58-FA0D3B3554E2}.Release|iPhone.Build.0 = Release|x86
		{BBC63A4F-8446-4501-8E58-FA0D3B3554E2}.Release|iPhone.Deploy.0 = Release|x86
		{BBC63A4F-8446-4501-8E58-FA0D3B3554E2}.Release|iPhoneSimulator.ActiveCfg = Release|x86
		{BBC63A4F-8446-4501-8E58-FA0D3B3554E2}.Release|iPhoneSimulator.Build.0 = Release|x86
		{BBC63A4F-8446-4501-8E58-FA0D3B3554E2}.Release|iPhoneSimulator.Deploy.0 = Release|x86
		{BBC63A4F-8446-4501-8E58-FA0D3B3554E2}.Release|x64.ActiveCfg = Release|x64
		{BBC63A4F-8446-4501-8E58-FA0D3B3554E2}.Release|x64.Build.0 = Release|x64
		{BBC63A4F-8446-4501-8E58-FA0D3B3554E2}.Release|x64.Deploy.0 = Release|x64
		{BBC63A4F-8446-4501-8E58-FA0D3B3554E2}.Release|x86.ActiveCfg = Release|x86
		{BBC63A4F-8446-4501-8E58-FA0D3B3554E2}.Release|x86.Build.0 = Release|x86
		{BBC63A4F-8446-4501-8E58-FA0D3B3554E2}.Release|x86.Deploy.0 = Release|x86
		{69846FB9-179F-46E4-86BC-78F82AA0463D}.Debug|Any CPU.ActiveCfg = Debug|Any CPU
		{69846FB9-179F-46E4-86BC-78F82AA0463D}.Debug|Any CPU.Build.0 = Debug|Any CPU
		{69846FB9-179F-46E4-86BC-78F82AA0463D}.Debug|Any CPU.Deploy.0 = Debug|Any CPU
		{69846FB9-179F-46E4-86BC-78F82AA0463D}.Debug|ARM.ActiveCfg = Debug|Any CPU
		{69846FB9-179F-46E4-86BC-78F82AA0463D}.Debug|ARM.Build.0 = Debug|Any CPU
		{69846FB9-179F-46E4-86BC-78F82AA0463D}.Debug|ARM.Deploy.0 = Debug|Any CPU
		{69846FB9-179F-46E4-86BC-78F82AA0463D}.Debug|iPhone.ActiveCfg = Debug|Any CPU
		{69846FB9-179F-46E4-86BC-78F82AA0463D}.Debug|iPhone.Build.0 = Debug|Any CPU
		{69846FB9-179F-46E4-86BC-78F82AA0463D}.Debug|iPhone.Deploy.0 = Debug|Any CPU
		{69846FB9-179F-46E4-86BC-78F82AA0463D}.Debug|iPhoneSimulator.ActiveCfg = Debug|Any CPU
		{69846FB9-179F-46E4-86BC-78F82AA0463D}.Debug|iPhoneSimulator.Build.0 = Debug|Any CPU
		{69846FB9-179F-46E4-86BC-78F82AA0463D}.Debug|iPhoneSimulator.Deploy.0 = Debug|Any CPU
		{69846FB9-179F-46E4-86BC-78F82AA0463D}.Debug|x64.ActiveCfg = Debug|Any CPU
		{69846FB9-179F-46E4-86BC-78F82AA0463D}.Debug|x64.Build.0 = Debug|Any CPU
		{69846FB9-179F-46E4-86BC-78F82AA0463D}.Debug|x64.Deploy.0 = Debug|Any CPU
		{69846FB9-179F-46E4-86BC-78F82AA0463D}.Debug|x86.ActiveCfg = Debug|Any CPU
		{69846FB9-179F-46E4-86BC-78F82AA0463D}.Debug|x86.Build.0 = Debug|Any CPU
		{69846FB9-179F-46E4-86BC-78F82AA0463D}.Debug|x86.Deploy.0 = Debug|Any CPU
		{69846FB9-179F-46E4-86BC-78F82AA0463D}.Release|Any CPU.ActiveCfg = Release|Any CPU
		{69846FB9-179F-46E4-86BC-78F82AA0463D}.Release|Any CPU.Build.0 = Release|Any CPU
		{69846FB9-179F-46E4-86BC-78F82AA0463D}.Release|Any CPU.Deploy.0 = Release|Any CPU
		{69846FB9-179F-46E4-86BC-78F82AA0463D}.Release|ARM.ActiveCfg = Release|Any CPU
		{69846FB9-179F-46E4-86BC-78F82AA0463D}.Release|ARM.Build.0 = Release|Any CPU
		{69846FB9-179F-46E4-86BC-78F82AA0463D}.Release|ARM.Deploy.0 = Release|Any CPU
		{69846FB9-179F-46E4-86BC-78F82AA0463D}.Release|iPhone.ActiveCfg = Release|Any CPU
		{69846FB9-179F-46E4-86BC-78F82AA0463D}.Release|iPhone.Build.0 = Release|Any CPU
		{69846FB9-179F-46E4-86BC-78F82AA0463D}.Release|iPhone.Deploy.0 = Release|Any CPU
		{69846FB9-179F-46E4-86BC-78F82AA0463D}.Release|iPhoneSimulator.ActiveCfg = Release|Any CPU
		{69846FB9-179F-46E4-86BC-78F82AA0463D}.Release|iPhoneSimulator.Build.0 = Release|Any CPU
		{69846FB9-179F-46E4-86BC-78F82AA0463D}.Release|iPhoneSimulator.Deploy.0 = Release|Any CPU
		{69846FB9-179F-46E4-86BC-78F82AA0463D}.Release|x64.ActiveCfg = Release|Any CPU
		{69846FB9-179F-46E4-86BC-78F82AA0463D}.Release|x64.Build.0 = Release|Any CPU
		{69846FB9-179F-46E4-86BC-78F82AA0463D}.Release|x64.Deploy.0 = Release|Any CPU
		{69846FB9-179F-46E4-86BC-78F82AA0463D}.Release|x86.ActiveCfg = Release|Any CPU
		{69846FB9-179F-46E4-86BC-78F82AA0463D}.Release|x86.Build.0 = Release|Any CPU
		{69846FB9-179F-46E4-86BC-78F82AA0463D}.Release|x86.Deploy.0 = Release|Any CPU
		{3099197C-F09D-4F83-A162-DB7DF41B566E}.Debug|Any CPU.ActiveCfg = Debug|iPhone
		{3099197C-F09D-4F83-A162-DB7DF41B566E}.Debug|Any CPU.Build.0 = Debug|iPhone
		{3099197C-F09D-4F83-A162-DB7DF41B566E}.Debug|Any CPU.Deploy.0 = Debug|iPhone
		{3099197C-F09D-4F83-A162-DB7DF41B566E}.Debug|ARM.ActiveCfg = Debug|iPhoneSimulator
		{3099197C-F09D-4F83-A162-DB7DF41B566E}.Debug|ARM.Build.0 = Debug|iPhoneSimulator
		{3099197C-F09D-4F83-A162-DB7DF41B566E}.Debug|ARM.Deploy.0 = Debug|iPhoneSimulator
		{3099197C-F09D-4F83-A162-DB7DF41B566E}.Debug|iPhone.ActiveCfg = Debug|iPhone
		{3099197C-F09D-4F83-A162-DB7DF41B566E}.Debug|iPhone.Build.0 = Debug|iPhone
		{3099197C-F09D-4F83-A162-DB7DF41B566E}.Debug|iPhone.Deploy.0 = Debug|iPhone
		{3099197C-F09D-4F83-A162-DB7DF41B566E}.Debug|iPhoneSimulator.ActiveCfg = Debug|iPhoneSimulator
		{3099197C-F09D-4F83-A162-DB7DF41B566E}.Debug|iPhoneSimulator.Build.0 = Debug|iPhoneSimulator
		{3099197C-F09D-4F83-A162-DB7DF41B566E}.Debug|iPhoneSimulator.Deploy.0 = Debug|iPhoneSimulator
		{3099197C-F09D-4F83-A162-DB7DF41B566E}.Debug|x64.ActiveCfg = Debug|iPhone
		{3099197C-F09D-4F83-A162-DB7DF41B566E}.Debug|x64.Build.0 = Debug|iPhone
		{3099197C-F09D-4F83-A162-DB7DF41B566E}.Debug|x64.Deploy.0 = Debug|iPhone
		{3099197C-F09D-4F83-A162-DB7DF41B566E}.Debug|x86.ActiveCfg = Debug|iPhone
		{3099197C-F09D-4F83-A162-DB7DF41B566E}.Debug|x86.Build.0 = Debug|iPhone
		{3099197C-F09D-4F83-A162-DB7DF41B566E}.Debug|x86.Deploy.0 = Debug|iPhone
		{3099197C-F09D-4F83-A162-DB7DF41B566E}.Release|Any CPU.ActiveCfg = Release|iPhone
		{3099197C-F09D-4F83-A162-DB7DF41B566E}.Release|Any CPU.Build.0 = Release|iPhone
		{3099197C-F09D-4F83-A162-DB7DF41B566E}.Release|Any CPU.Deploy.0 = Release|iPhone
		{3099197C-F09D-4F83-A162-DB7DF41B566E}.Release|ARM.ActiveCfg = Release|iPhone
		{3099197C-F09D-4F83-A162-DB7DF41B566E}.Release|ARM.Build.0 = Release|iPhone
		{3099197C-F09D-4F83-A162-DB7DF41B566E}.Release|ARM.Deploy.0 = Release|iPhone
		{3099197C-F09D-4F83-A162-DB7DF41B566E}.Release|iPhone.ActiveCfg = Release|iPhone
		{3099197C-F09D-4F83-A162-DB7DF41B566E}.Release|iPhone.Build.0 = Release|iPhone
		{3099197C-F09D-4F83-A162-DB7DF41B566E}.Release|iPhone.Deploy.0 = Release|iPhone
		{3099197C-F09D-4F83-A162-DB7DF41B566E}.Release|iPhoneSimulator.ActiveCfg = Release|iPhoneSimulator
		{3099197C-F09D-4F83-A162-DB7DF41B566E}.Release|iPhoneSimulator.Build.0 = Release|iPhoneSimulator
		{3099197C-F09D-4F83-A162-DB7DF41B566E}.Release|iPhoneSimulator.Deploy.0 = Release|iPhoneSimulator
		{3099197C-F09D-4F83-A162-DB7DF41B566E}.Release|x64.ActiveCfg = Release|iPhone
		{3099197C-F09D-4F83-A162-DB7DF41B566E}.Release|x64.Build.0 = Release|iPhone
		{3099197C-F09D-4F83-A162-DB7DF41B566E}.Release|x64.Deploy.0 = Release|iPhone
		{3099197C-F09D-4F83-A162-DB7DF41B566E}.Release|x86.ActiveCfg = Release|iPhone
		{3099197C-F09D-4F83-A162-DB7DF41B566E}.Release|x86.Build.0 = Release|iPhone
		{3099197C-F09D-4F83-A162-DB7DF41B566E}.Release|x86.Deploy.0 = Release|iPhone
		{DB0D4232-C413-42E9-9061-DC0952235FE9}.Debug|Any CPU.ActiveCfg = Debug|Any CPU
		{DB0D4232-C413-42E9-9061-DC0952235FE9}.Debug|Any CPU.Build.0 = Debug|Any CPU
		{DB0D4232-C413-42E9-9061-DC0952235FE9}.Debug|Any CPU.Deploy.0 = Debug|Any CPU
		{DB0D4232-C413-42E9-9061-DC0952235FE9}.Debug|ARM.ActiveCfg = Debug|Any CPU
		{DB0D4232-C413-42E9-9061-DC0952235FE9}.Debug|ARM.Build.0 = Debug|Any CPU
		{DB0D4232-C413-42E9-9061-DC0952235FE9}.Debug|ARM.Deploy.0 = Debug|Any CPU
		{DB0D4232-C413-42E9-9061-DC0952235FE9}.Debug|iPhone.ActiveCfg = Debug|Any CPU
		{DB0D4232-C413-42E9-9061-DC0952235FE9}.Debug|iPhone.Build.0 = Debug|Any CPU
		{DB0D4232-C413-42E9-9061-DC0952235FE9}.Debug|iPhone.Deploy.0 = Debug|Any CPU
		{DB0D4232-C413-42E9-9061-DC0952235FE9}.Debug|iPhoneSimulator.ActiveCfg = Debug|Any CPU
		{DB0D4232-C413-42E9-9061-DC0952235FE9}.Debug|iPhoneSimulator.Build.0 = Debug|Any CPU
		{DB0D4232-C413-42E9-9061-DC0952235FE9}.Debug|iPhoneSimulator.Deploy.0 = Debug|Any CPU
		{DB0D4232-C413-42E9-9061-DC0952235FE9}.Debug|x64.ActiveCfg = Debug|Any CPU
		{DB0D4232-C413-42E9-9061-DC0952235FE9}.Debug|x64.Build.0 = Debug|Any CPU
		{DB0D4232-C413-42E9-9061-DC0952235FE9}.Debug|x64.Deploy.0 = Debug|Any CPU
		{DB0D4232-C413-42E9-9061-DC0952235FE9}.Debug|x86.ActiveCfg = Debug|Any CPU
		{DB0D4232-C413-42E9-9061-DC0952235FE9}.Debug|x86.Build.0 = Debug|Any CPU
		{DB0D4232-C413-42E9-9061-DC0952235FE9}.Debug|x86.Deploy.0 = Debug|Any CPU
		{DB0D4232-C413-42E9-9061-DC0952235FE9}.Release|Any CPU.ActiveCfg = Release|Any CPU
		{DB0D4232-C413-42E9-9061-DC0952235FE9}.Release|Any CPU.Build.0 = Release|Any CPU
		{DB0D4232-C413-42E9-9061-DC0952235FE9}.Release|Any CPU.Deploy.0 = Release|Any CPU
		{DB0D4232-C413-42E9-9061-DC0952235FE9}.Release|ARM.ActiveCfg = Release|Any CPU
		{DB0D4232-C413-42E9-9061-DC0952235FE9}.Release|ARM.Build.0 = Release|Any CPU
		{DB0D4232-C413-42E9-9061-DC0952235FE9}.Release|ARM.Deploy.0 = Release|Any CPU
		{DB0D4232-C413-42E9-9061-DC0952235FE9}.Release|iPhone.ActiveCfg = Release|Any CPU
		{DB0D4232-C413-42E9-9061-DC0952235FE9}.Release|iPhone.Build.0 = Release|Any CPU
		{DB0D4232-C413-42E9-9061-DC0952235FE9}.Release|iPhone.Deploy.0 = Release|Any CPU
		{DB0D4232-C413-42E9-9061-DC0952235FE9}.Release|iPhoneSimulator.ActiveCfg = Release|Any CPU
		{DB0D4232-C413-42E9-9061-DC0952235FE9}.Release|iPhoneSimulator.Build.0 = Release|Any CPU
		{DB0D4232-C413-42E9-9061-DC0952235FE9}.Release|iPhoneSimulator.Deploy.0 = Release|Any CPU
		{DB0D4232-C413-42E9-9061-DC0952235FE9}.Release|x64.ActiveCfg = Release|Any CPU
		{DB0D4232-C413-42E9-9061-DC0952235FE9}.Release|x64.Build.0 = Release|Any CPU
		{DB0D4232-C413-42E9-9061-DC0952235FE9}.Release|x64.Deploy.0 = Release|Any CPU
		{DB0D4232-C413-42E9-9061-DC0952235FE9}.Release|x86.ActiveCfg = Release|Any CPU
		{DB0D4232-C413-42E9-9061-DC0952235FE9}.Release|x86.Build.0 = Release|Any CPU
		{DB0D4232-C413-42E9-9061-DC0952235FE9}.Release|x86.Deploy.0 = Release|Any CPU
	EndGlobalSection
	GlobalSection(SolutionProperties) = preSolution
		HideSolutionNode = FALSE
	EndGlobalSection
	GlobalSection(ExtensibilityGlobals) = postSolution
		SolutionGuid = {BA3ECCE1-9A35-4584-9DDC-419CDAAD1B04}
	EndGlobalSection
EndGlobal
